<?xml version="1.0" encoding="utf-8"?>
<Project ToolsVersion="4.0" xmlns="http://schemas.microsoft.com/developer/msbuild/2003">
  <ItemGroup>
    <ClCompile Include="Application.cpp" />
    <ClCompile Include="Body.cpp" />
    <ClCompile Include="ClothTask.cpp" />
    <ClCompile Include="ClothTask2.cpp" />
    <ClCompile Include="Force.cpp" />
    <ClCompile Include="MainOld.cpp" />
    <ClCompile Include="Mesh.cpp" />
    <ClCompile Include="OBJLoader.cpp" />
    <ClCompile Include="Particle.cpp" />
    <ClCompile Include="Rigid.cpp" />
    <ClCompile Include="RigidBody.cpp" />
    <ClCompile Include="Task1.cpp" />
    <ClCompile Include="Task2and3.cpp" />
    <ClCompile Include="Rigid1cpp.cpp" />
    <ClCompile Include="Rigid2.cpp" />
  </ItemGroup>
  <ItemGroup>
    <ClInclude Include="Application.h" />
    <ClInclude Include="Body.h" />
    <ClInclude Include="Camera.h" />
    <ClInclude Include="Force.h" />
    <ClInclude Include="Mesh.h" />
    <ClInclude Include="OBJLoader.h" />
    <ClInclude Include="Particle.h" />
    <ClInclude Include="RigidBody.h" />
    <ClInclude Include="Shader.h" />
    <ClInclude Include="Rigid.h" />
  </ItemGroup>
  <ItemGroup>
    <None Include="resources\shaders\basic.frag" />
    <None Include="resources\shaders\basic.vert" />
  </ItemGroup>
</Project>